
Microsoft Visual Studio Solution File, Format Version 12.00
# Visual Studio Version 16
VisualStudioVersion = 16.0.32413.511
MinimumVisualStudioVersion = 10.0.40219.1
Project("{FAE04EC0-301F-11D3-BF4B-00C04F79EFBC}") = "Lesson6Arrays", "Lesson6Arrays\Lesson6Arrays.csproj", "{D1CB839F-0B04-4929-BD9F-DB3EBB419B85}"
EndProject
Global
	GlobalSection(SolutionConfigurationPlatforms) = preSolution
		Debug|Any CPU = Debug|Any CPU
		Release|Any CPU = Release|Any CPU
	EndGlobalSection
	GlobalSection(ProjectConfigurationPlatforms) = postSolution
		{D1CB839F-0B04-4929-BD9F-DB3EBB419B85}.Debug|Any CPU.ActiveCfg = Debug|Any CPU
		{D1CB839F-0B04-4929-BD9F-DB3EBB419B85}.Debug|Any CPU.Build.0 = Debug|Any CPU
		{D1CB839F-0B04-4929-BD9F-DB3EBB419B85}.Release|Any CPU.ActiveCfg = Release|Any CPU
		{D1CB839F-0B04-4929-BD9F-DB3EBB419B85}.Release|Any CPU.Build.0 = Release|Any CPU
	EndGlobalSection
	GlobalSection(SolutionProperties) = preSolution
		HideSolutionNode = FALSE
	EndGlobalSection
	GlobalSection(ExtensibilityGlobals) = postSolution
		SolutionGuid = {DA92B4A1-D602-4A48-8F3C-C9085EFBD875}
	EndGlobalSection
EndGlobal
